
Microsoft Visual Studio Solution File, Format Version 12.00
# Visual Studio Version 16
VisualStudioVersion = 25.0.1704.5
MinimumVisualStudioVersion = 10.0.40219.1
Project("{FAE04EC0-301F-11D3-BF4B-00C04F79EFBC}") = "appiumpractice", "appiumpractice.csproj", "{8FE74808-7772-4BF5-B051-D5B94AB3E15A}"
EndProject
Global
	GlobalSection(SolutionConfigurationPlatforms) = preSolution
		Debug|Any CPU = Debug|Any CPU
		Release|Any CPU = Release|Any CPU
	EndGlobalSection
	GlobalSection(ProjectConfigurationPlatforms) = postSolution
		{8FE74808-7772-4BF5-B051-D5B94AB3E15A}.Debug|Any CPU.ActiveCfg = Debug|Any CPU
		{8FE74808-7772-4BF5-B051-D5B94AB3E15A}.Debug|Any CPU.Build.0 = Debug|Any CPU
		{8FE74808-7772-4BF5-B051-D5B94AB3E15A}.Release|Any CPU.ActiveCfg = Release|Any CPU
		{8FE74808-7772-4BF5-B051-D5B94AB3E15A}.Release|Any CPU.Build.0 = Release|Any CPU
	EndGlobalSection
	GlobalSection(SolutionProperties) = preSolution
		HideSolutionNode = FALSE
	EndGlobalSection
	GlobalSection(ExtensibilityGlobals) = postSolution
		SolutionGuid = {94C9DDAF-EC8D-40AD-9EB8-6918C61C62F6}
	EndGlobalSection
EndGlobal
